
Microsoft Visual Studio Solution File, Format Version 12.00
# Visual Studio 15
VisualStudioVersion = 15.0.26228.9
MinimumVisualStudioVersion = 10.0.40219.1
Project("{8BC9CEB8-8B4A-11D0-8D11-00A0C91BC942}") = "5-2 一元多项式的乘法和加法", "OJ\OJ.vcxproj", "{660BE9AE-F52F-46E9-9F7C-B09E9ACD7578}"
EndProject
Project("{2150E333-8FDC-42A3-9474-1A3956D46DE8}") = "LeetCode", "LeetCode", "{77B2B5D9-5E2F-4D14-BAE7-9C9C246FD5E4}"
EndProject
Project("{2150E333-8FDC-42A3-9474-1A3956D46DE8}") = "PTA", "PTA", "{FE4CA4C6-6BB3-4EEB-83A6-F4DADC8697E7}"
EndProject
Project("{2150E333-8FDC-42A3-9474-1A3956D46DE8}") = "PAT", "PAT", "{BD914F53-2D15-44A5-9D6D-D1B73F2F3121}"
EndProject
Project("{8BC9CEB8-8B4A-11D0-8D11-00A0C91BC942}") = "5-1 最大连续子列和", "5-1 最大连续子列和\5-1 最大连续子列和.vcxproj", "{7E2259A9-CE4D-4F0D-A826-AE141390295F}"
EndProject
Project("{8BC9CEB8-8B4A-11D0-8D11-00A0C91BC942}") = "5-3 树的同构", "5-3\5-3.vcxproj", "{41CE88A0-B78D-4AF7-B61F-D0C07A05526A}"
EndProject
Project("{8BC9CEB8-8B4A-11D0-8D11-00A0C91BC942}") = "5-4 是否同一棵二叉树", "5-4 是否同一棵二叉树\5-4 是否同一棵二叉树.vcxproj", "{AB27206C-6C3F-41CD-8FE7-387C19C03108}"
EndProject
Project("{8BC9CEB8-8B4A-11D0-8D11-00A0C91BC942}") = "5-5 堆中的路径", "5-5\5-5.vcxproj", "{AED5552A-9C8C-4381-84F4-3B88D9E6B04A}"
EndProject
Project("{8BC9CEB8-8B4A-11D0-8D11-00A0C91BC942}") = "5-6 列出连通集", "5-6 列出连通集\5-6 列出连通集.vcxproj", "{67A70845-0035-4A28-A8ED-E94D30A589E4}"
EndProject
Project("{8BC9CEB8-8B4A-11D0-8D11-00A0C91BC942}") = "5-7 六度空间", "5-7 六度空间\5-7 六度空间.vcxproj", "{EE0A0E7C-C737-4509-93D5-937EAF886840}"
EndProject
Project("{2150E333-8FDC-42A3-9474-1A3956D46DE8}") = "数据结构（公共）", "数据结构（公共）", "{78600D3C-0A61-4C4B-9383-B6E9915398BE}"
EndProject
Project("{2150E333-8FDC-42A3-9474-1A3956D46DE8}") = "基础习题", "基础习题", "{F715466D-CBF6-4F08-9481-FC6EEED37E9E}"
EndProject
Project("{8BC9CEB8-8B4A-11D0-8D11-00A0C91BC942}") = "5-36 复数四则运算", "5-36\5-36.vcxproj", "{C67E80F3-C892-48F3-98F6-FDD1BD118B04}"
EndProject
Project("{8BC9CEB8-8B4A-11D0-8D11-00A0C91BC942}") = "5-8 哈利·波特的考试", "5-8 哈利·波特的考试\5-8 哈利·波特的考试.vcxproj", "{F5A5E0D4-A050-4033-A216-47F34DFAAF31}"
EndProject
Project("{8BC9CEB8-8B4A-11D0-8D11-00A0C91BC942}") = "5-9 旅游规划", "5-9 旅游规划\5-9 旅游规划.vcxproj", "{FDA3340E-C381-4CE3-B0A9-5CE33E46EC82}"
EndProject
Project("{2150E333-8FDC-42A3-9474-1A3956D46DE8}") = "POJ", "POJ", "{F0071052-C1AD-4041-99AB-5E92EBC866AE}"
EndProject
Project("{8BC9CEB8-8B4A-11D0-8D11-00A0C91BC942}") = "1852 Ants@364K 141MS", "1852 Ants\1852 Ants.vcxproj", "{2FA02115-E021-41BD-8BB0-0902129F3047}"
EndProject
Project("{8BC9CEB8-8B4A-11D0-8D11-00A0C91BC942}") = "2386 Lake Counting@1427K 42MS", "2386 Lake Count\2386 Lake Count.vcxproj", "{847A5F9D-4D78-4891-AF11-C9FDF21A3739}"
EndProject
Project("{8BC9CEB8-8B4A-11D0-8D11-00A0C91BC942}") = "1001 Exponentiation@364K 0MS", "1001 Exponentiation\1001 Exponentiation.vcxproj", "{800A144F-3093-4D9D-89AD-83293295F7A4}"
EndProject
Project("{8BC9CEB8-8B4A-11D0-8D11-00A0C91BC942}") = "1002 487-3279@39536K 438MS", "1002 487-3279\1002 487-3279.vcxproj", "{D3AA6F4C-728D-448B-96FC-CB44CCE87F44}"
EndProject
Project("{8BC9CEB8-8B4A-11D0-8D11-00A0C91BC942}") = "1003 Hangover@372K 0MS", "1003\1003.vcxproj", "{05253EF5-4A8A-4F12-B76D-6838F02E58E2}"
EndProject
Project("{8BC9CEB8-8B4A-11D0-8D11-00A0C91BC942}") = "1004 Financial Management@156K 0MS", "1004 Financial Management\1004 Financial Management.vcxproj", "{3C0353B6-8B47-497E-9654-4B23C57DD395}"
EndProject
Project("{8BC9CEB8-8B4A-11D0-8D11-00A0C91BC942}") = "1005 I Think I Need a Houseboat@252K 0MS", "1005\1005.vcxproj", "{099D621D-6FCA-4839-93E2-31B31521CC78}"
EndProject
Project("{8BC9CEB8-8B4A-11D0-8D11-00A0C91BC942}") = "3617 Best Cow Line@388K 63MS", "3617 Best Cow Line\3617 Best Cow Line.vcxproj", "{43848C1B-71B0-4EE4-BA1B-829A08CDAEE7}"
EndProject
Project("{8BC9CEB8-8B4A-11D0-8D11-00A0C91BC942}") = "3069 Saruman's Army@740K 110MS", "3069 Saruman's Army\3069 Saruman's Army.vcxproj", "{4DEFD968-1483-439F-8579-78AEC789C3BB}"
EndProject
Project("{8BC9CEB8-8B4A-11D0-8D11-00A0C91BC942}") = "1006 Biorhythms", "1006 Biorhythms\1006 Biorhythms.vcxproj", "{99674DB8-BCB2-4E5D-924A-DC8445270D6E}"
EndProject
Project("{2150E333-8FDC-42A3-9474-1A3956D46DE8}") = "自测", "自测", "{49747107-A2FE-4CB7-AB62-1CB93F64BBB7}"
EndProject
Project("{8BC9CEB8-8B4A-11D0-8D11-00A0C91BC942}") = "打印沙漏", "打印沙漏\打印沙漏.vcxproj", "{4D1010E2-3548-4D47-8CFA-47C6DC3976EF}"
EndProject
Project("{8BC9CEB8-8B4A-11D0-8D11-00A0C91BC942}") = "数组循环右移", "数组循环右移\数组循环右移.vcxproj", "{74EFC07E-FF3A-49B3-850B-FFE3328E57AC}"
EndProject
Project("{8BC9CEB8-8B4A-11D0-8D11-00A0C91BC942}") = "素数对猜想", "素数对猜想\素数对猜想.vcxproj", "{14A479E6-1A46-46F4-A230-35F09EB8A67C}"
EndProject
Project("{8BC9CEB8-8B4A-11D0-8D11-00A0C91BC942}") = "Have fun with numbers", "ConsoleApplication1\ConsoleApplication1.vcxproj", "{A94F132B-6A2E-48DB-BCA1-7DB5D1F77CFA}"
EndProject
Project("{8BC9CEB8-8B4A-11D0-8D11-00A0C91BC942}") = "Shuffling machine", "ConsoleApplication2\ConsoleApplication2.vcxproj", "{FD4FA418-A313-471D-A42C-4B23B8528963}"
EndProject
Project("{2150E333-8FDC-42A3-9474-1A3956D46DE8}") = "qlCoder", "qlCoder", "{91173FBC-16A2-4169-9D55-BA955FA05098}"
EndProject
Project("{8BC9CEB8-8B4A-11D0-8D11-00A0C91BC942}") = "1", "ConsoleApplication3\ConsoleApplication3.vcxproj", "{7FBA6716-0E80-4E61-873C-BE5F8FF0A2CC}"
EndProject
Project("{8BC9CEB8-8B4A-11D0-8D11-00A0C91BC942}") = "25", "25\25.vcxproj", "{1DACE817-8202-4A32-86CA-7777489F36BC}"
EndProject
Project("{2150E333-8FDC-42A3-9474-1A3956D46DE8}") = "数据结构（网课）", "数据结构（网课）", "{72D5BA44-3E45-44EB-A2E5-E7A6992182F5}"
EndProject
Project("{8BC9CEB8-8B4A-11D0-8D11-00A0C91BC942}") = "01-复杂度1", "复杂度01.cpp\复杂度01.cpp.vcxproj", "{8D63D813-460B-41B1-953C-28424FFB2481}"
EndProject
Project("{8BC9CEB8-8B4A-11D0-8D11-00A0C91BC942}") = "01-复杂度2", "01-复杂度2\01-复杂度2.vcxproj", "{CEEF7DF6-37AD-4ECE-BA42-300E26F318E2}"
EndProject
Project("{8BC9CEB8-8B4A-11D0-8D11-00A0C91BC942}") = "02-线性结构1", "02-线性结构1\02-线性结构1.vcxproj", "{1550F6A5-F464-48C7-8633-9A58ABC79977}"
EndProject
Project("{8BC9CEB8-8B4A-11D0-8D11-00A0C91BC942}") = "02-多项式计算", "02-多项式计算\02-多项式计算.vcxproj", "{9AD4B93A-DE34-4FED-AE65-C4852A513AF2}"
EndProject
Project("{8BC9CEB8-8B4A-11D0-8D11-00A0C91BC942}") = "02-线性结构3 Reversing Linked List", "02-线性结构3 Reversing Linked List\02-线性结构3 Reversing Linked List.vcxproj", "{402CB148-CC63-473E-955B-442A2762426D}"
EndProject
Project("{8BC9CEB8-8B4A-11D0-8D11-00A0C91BC942}") = "02-线性结构4 Pop sequence", "03-线性结构4 Pop sequence\03-线性结构4 Pop sequence.vcxproj", "{22C82B96-F395-4358-9219-AA4D76336F44}"
EndProject
Project("{8BC9CEB8-8B4A-11D0-8D11-00A0C91BC942}") = "03-树1 树的同构", "03-树1 树的同构\03-树1 树的同构.vcxproj", "{6469BA8A-C2DE-42E8-9597-2A708BE3964B}"
EndProject
Project("{8BC9CEB8-8B4A-11D0-8D11-00A0C91BC942}") = "03-树2 List leaves", "03-树2 List leaves\03-树2 List leaves.vcxproj", "{1D1CC922-9B4D-42D0-AC01-18C7B89971F8}"
EndProject
Project("{8BC9CEB8-8B4A-11D0-8D11-00A0C91BC942}") = "03-树3 Tree Traversals Again", "03-树 Tree Traversals Again\03-树 Tree Traversals Again.vcxproj", "{B0AFB803-CFF8-47DB-87A6-072E83E5FFD8}"
EndProject
Global
	GlobalSection(SolutionConfigurationPlatforms) = preSolution
		Debug|x64 = Debug|x64
		Debug|x86 = Debug|x86
		Release|x64 = Release|x64
		Release|x86 = Release|x86
	EndGlobalSection
	GlobalSection(ProjectConfigurationPlatforms) = postSolution
		{660BE9AE-F52F-46E9-9F7C-B09E9ACD7578}.Debug|x64.ActiveCfg = Debug|x64
		{660BE9AE-F52F-46E9-9F7C-B09E9ACD7578}.Debug|x64.Build.0 = Debug|x64
		{660BE9AE-F52F-46E9-9F7C-B09E9ACD7578}.Debug|x86.ActiveCfg = Debug|Win32
		{660BE9AE-F52F-46E9-9F7C-B09E9ACD7578}.Debug|x86.Build.0 = Debug|Win32
		{660BE9AE-F52F-46E9-9F7C-B09E9ACD7578}.Release|x64.ActiveCfg = Release|x64
		{660BE9AE-F52F-46E9-9F7C-B09E9ACD7578}.Release|x64.Build.0 = Release|x64
		{660BE9AE-F52F-46E9-9F7C-B09E9ACD7578}.Release|x86.ActiveCfg = Release|Win32
		{660BE9AE-F52F-46E9-9F7C-B09E9ACD7578}.Release|x86.Build.0 = Release|Win32
		{7E2259A9-CE4D-4F0D-A826-AE141390295F}.Debug|x64.ActiveCfg = Debug|x64
		{7E2259A9-CE4D-4F0D-A826-AE141390295F}.Debug|x64.Build.0 = Debug|x64
		{7E2259A9-CE4D-4F0D-A826-AE141390295F}.Debug|x86.ActiveCfg = Debug|Win32
		{7E2259A9-CE4D-4F0D-A826-AE141390295F}.Debug|x86.Build.0 = Debug|Win32
		{7E2259A9-CE4D-4F0D-A826-AE141390295F}.Release|x64.ActiveCfg = Release|x64
		{7E2259A9-CE4D-4F0D-A826-AE141390295F}.Release|x64.Build.0 = Release|x64
		{7E2259A9-CE4D-4F0D-A826-AE141390295F}.Release|x86.ActiveCfg = Release|Win32
		{7E2259A9-CE4D-4F0D-A826-AE141390295F}.Release|x86.Build.0 = Release|Win32
		{41CE88A0-B78D-4AF7-B61F-D0C07A05526A}.Debug|x64.ActiveCfg = Debug|x64
		{41CE88A0-B78D-4AF7-B61F-D0C07A05526A}.Debug|x64.Build.0 = Debug|x64
		{41CE88A0-B78D-4AF7-B61F-D0C07A05526A}.Debug|x86.ActiveCfg = Debug|Win32
		{41CE88A0-B78D-4AF7-B61F-D0C07A05526A}.Debug|x86.Build.0 = Debug|Win32
		{41CE88A0-B78D-4AF7-B61F-D0C07A05526A}.Release|x64.ActiveCfg = Release|x64
		{41CE88A0-B78D-4AF7-B61F-D0C07A05526A}.Release|x64.Build.0 = Release|x64
		{41CE88A0-B78D-4AF7-B61F-D0C07A05526A}.Release|x86.ActiveCfg = Release|Win32
		{41CE88A0-B78D-4AF7-B61F-D0C07A05526A}.Release|x86.Build.0 = Release|Win32
		{AB27206C-6C3F-41CD-8FE7-387C19C03108}.Debug|x64.ActiveCfg = Debug|x64
		{AB27206C-6C3F-41CD-8FE7-387C19C03108}.Debug|x64.Build.0 = Debug|x64
		{AB27206C-6C3F-41CD-8FE7-387C19C03108}.Debug|x86.ActiveCfg = Debug|Win32
		{AB27206C-6C3F-41CD-8FE7-387C19C03108}.Debug|x86.Build.0 = Debug|Win32
		{AB27206C-6C3F-41CD-8FE7-387C19C03108}.Release|x64.ActiveCfg = Release|x64
		{AB27206C-6C3F-41CD-8FE7-387C19C03108}.Release|x64.Build.0 = Release|x64
		{AB27206C-6C3F-41CD-8FE7-387C19C03108}.Release|x86.ActiveCfg = Release|Win32
		{AB27206C-6C3F-41CD-8FE7-387C19C03108}.Release|x86.Build.0 = Release|Win32
		{AED5552A-9C8C-4381-84F4-3B88D9E6B04A}.Debug|x64.ActiveCfg = Debug|x64
		{AED5552A-9C8C-4381-84F4-3B88D9E6B04A}.Debug|x64.Build.0 = Debug|x64
		{AED5552A-9C8C-4381-84F4-3B88D9E6B04A}.Debug|x86.ActiveCfg = Debug|Win32
		{AED5552A-9C8C-4381-84F4-3B88D9E6B04A}.Debug|x86.Build.0 = Debug|Win32
		{AED5552A-9C8C-4381-84F4-3B88D9E6B04A}.Release|x64.ActiveCfg = Release|x64
		{AED5552A-9C8C-4381-84F4-3B88D9E6B04A}.Release|x64.Build.0 = Release|x64
		{AED5552A-9C8C-4381-84F4-3B88D9E6B04A}.Release|x86.ActiveCfg = Release|Win32
		{AED5552A-9C8C-4381-84F4-3B88D9E6B04A}.Release|x86.Build.0 = Release|Win32
		{67A70845-0035-4A28-A8ED-E94D30A589E4}.Debug|x64.ActiveCfg = Debug|x64
		{67A70845-0035-4A28-A8ED-E94D30A589E4}.Debug|x64.Build.0 = Debug|x64
		{67A70845-0035-4A28-A8ED-E94D30A589E4}.Debug|x86.ActiveCfg = Debug|Win32
		{67A70845-0035-4A28-A8ED-E94D30A589E4}.Debug|x86.Build.0 = Debug|Win32
		{67A70845-0035-4A28-A8ED-E94D30A589E4}.Release|x64.ActiveCfg = Release|x64
		{67A70845-0035-4A28-A8ED-E94D30A589E4}.Release|x64.Build.0 = Release|x64
		{67A70845-0035-4A28-A8ED-E94D30A589E4}.Release|x86.ActiveCfg = Release|Win32
		{67A70845-0035-4A28-A8ED-E94D30A589E4}.Release|x86.Build.0 = Release|Win32
		{EE0A0E7C-C737-4509-93D5-937EAF886840}.Debug|x64.ActiveCfg = Debug|x64
		{EE0A0E7C-C737-4509-93D5-937EAF886840}.Debug|x64.Build.0 = Debug|x64
		{EE0A0E7C-C737-4509-93D5-937EAF886840}.Debug|x86.ActiveCfg = Debug|Win32
		{EE0A0E7C-C737-4509-93D5-937EAF886840}.Debug|x86.Build.0 = Debug|Win32
		{EE0A0E7C-C737-4509-93D5-937EAF886840}.Release|x64.ActiveCfg = Release|x64
		{EE0A0E7C-C737-4509-93D5-937EAF886840}.Release|x64.Build.0 = Release|x64
		{EE0A0E7C-C737-4509-93D5-937EAF886840}.Release|x86.ActiveCfg = Release|Win32
		{EE0A0E7C-C737-4509-93D5-937EAF886840}.Release|x86.Build.0 = Release|Win32
		{C67E80F3-C892-48F3-98F6-FDD1BD118B04}.Debug|x64.ActiveCfg = Debug|x64
		{C67E80F3-C892-48F3-98F6-FDD1BD118B04}.Debug|x64.Build.0 = Debug|x64
		{C67E80F3-C892-48F3-98F6-FDD1BD118B04}.Debug|x86.ActiveCfg = Debug|Win32
		{C67E80F3-C892-48F3-98F6-FDD1BD118B04}.Debug|x86.Build.0 = Debug|Win32
		{C67E80F3-C892-48F3-98F6-FDD1BD118B04}.Release|x64.ActiveCfg = Release|x64
		{C67E80F3-C892-48F3-98F6-FDD1BD118B04}.Release|x64.Build.0 = Release|x64
		{C67E80F3-C892-48F3-98F6-FDD1BD118B04}.Release|x86.ActiveCfg = Release|Win32
		{C67E80F3-C892-48F3-98F6-FDD1BD118B04}.Release|x86.Build.0 = Release|Win32
		{F5A5E0D4-A050-4033-A216-47F34DFAAF31}.Debug|x64.ActiveCfg = Debug|x64
		{F5A5E0D4-A050-4033-A216-47F34DFAAF31}.Debug|x64.Build.0 = Debug|x64
		{F5A5E0D4-A050-4033-A216-47F34DFAAF31}.Debug|x86.ActiveCfg = Debug|Win32
		{F5A5E0D4-A050-4033-A216-47F34DFAAF31}.Debug|x86.Build.0 = Debug|Win32
		{F5A5E0D4-A050-4033-A216-47F34DFAAF31}.Release|x64.ActiveCfg = Release|x64
		{F5A5E0D4-A050-4033-A216-47F34DFAAF31}.Release|x64.Build.0 = Release|x64
		{F5A5E0D4-A050-4033-A216-47F34DFAAF31}.Release|x86.ActiveCfg = Release|Win32
		{F5A5E0D4-A050-4033-A216-47F34DFAAF31}.Release|x86.Build.0 = Release|Win32
		{FDA3340E-C381-4CE3-B0A9-5CE33E46EC82}.Debug|x64.ActiveCfg = Debug|x64
		{FDA3340E-C381-4CE3-B0A9-5CE33E46EC82}.Debug|x64.Build.0 = Debug|x64
		{FDA3340E-C381-4CE3-B0A9-5CE33E46EC82}.Debug|x86.ActiveCfg = Debug|Win32
		{FDA3340E-C381-4CE3-B0A9-5CE33E46EC82}.Debug|x86.Build.0 = Debug|Win32
		{FDA3340E-C381-4CE3-B0A9-5CE33E46EC82}.Release|x64.ActiveCfg = Release|x64
		{FDA3340E-C381-4CE3-B0A9-5CE33E46EC82}.Release|x64.Build.0 = Release|x64
		{FDA3340E-C381-4CE3-B0A9-5CE33E46EC82}.Release|x86.ActiveCfg = Release|Win32
		{FDA3340E-C381-4CE3-B0A9-5CE33E46EC82}.Release|x86.Build.0 = Release|Win32
		{2FA02115-E021-41BD-8BB0-0902129F3047}.Debug|x64.ActiveCfg = Debug|x64
		{2FA02115-E021-41BD-8BB0-0902129F3047}.Debug|x64.Build.0 = Debug|x64
		{2FA02115-E021-41BD-8BB0-0902129F3047}.Debug|x86.ActiveCfg = Debug|Win32
		{2FA02115-E021-41BD-8BB0-0902129F3047}.Debug|x86.Build.0 = Debug|Win32
		{2FA02115-E021-41BD-8BB0-0902129F3047}.Release|x64.ActiveCfg = Release|x64
		{2FA02115-E021-41BD-8BB0-0902129F3047}.Release|x64.Build.0 = Release|x64
		{2FA02115-E021-41BD-8BB0-0902129F3047}.Release|x86.ActiveCfg = Release|Win32
		{2FA02115-E021-41BD-8BB0-0902129F3047}.Release|x86.Build.0 = Release|Win32
		{847A5F9D-4D78-4891-AF11-C9FDF21A3739}.Debug|x64.ActiveCfg = Debug|x64
		{847A5F9D-4D78-4891-AF11-C9FDF21A3739}.Debug|x64.Build.0 = Debug|x64
		{847A5F9D-4D78-4891-AF11-C9FDF21A3739}.Debug|x86.ActiveCfg = Debug|Win32
		{847A5F9D-4D78-4891-AF11-C9FDF21A3739}.Debug|x86.Build.0 = Debug|Win32
		{847A5F9D-4D78-4891-AF11-C9FDF21A3739}.Release|x64.ActiveCfg = Release|x64
		{847A5F9D-4D78-4891-AF11-C9FDF21A3739}.Release|x64.Build.0 = Release|x64
		{847A5F9D-4D78-4891-AF11-C9FDF21A3739}.Release|x86.ActiveCfg = Release|Win32
		{847A5F9D-4D78-4891-AF11-C9FDF21A3739}.Release|x86.Build.0 = Release|Win32
		{800A144F-3093-4D9D-89AD-83293295F7A4}.Debug|x64.ActiveCfg = Debug|x64
		{800A144F-3093-4D9D-89AD-83293295F7A4}.Debug|x64.Build.0 = Debug|x64
		{800A144F-3093-4D9D-89AD-83293295F7A4}.Debug|x86.ActiveCfg = Debug|Win32
		{800A144F-3093-4D9D-89AD-83293295F7A4}.Debug|x86.Build.0 = Debug|Win32
		{800A144F-3093-4D9D-89AD-83293295F7A4}.Release|x64.ActiveCfg = Release|x64
		{800A144F-3093-4D9D-89AD-83293295F7A4}.Release|x64.Build.0 = Release|x64
		{800A144F-3093-4D9D-89AD-83293295F7A4}.Release|x86.ActiveCfg = Release|Win32
		{800A144F-3093-4D9D-89AD-83293295F7A4}.Release|x86.Build.0 = Release|Win32
		{D3AA6F4C-728D-448B-96FC-CB44CCE87F44}.Debug|x64.ActiveCfg = Debug|x64
		{D3AA6F4C-728D-448B-96FC-CB44CCE87F44}.Debug|x64.Build.0 = Debug|x64
		{D3AA6F4C-728D-448B-96FC-CB44CCE87F44}.Debug|x86.ActiveCfg = Debug|Win32
		{D3AA6F4C-728D-448B-96FC-CB44CCE87F44}.Debug|x86.Build.0 = Debug|Win32
		{D3AA6F4C-728D-448B-96FC-CB44CCE87F44}.Release|x64.ActiveCfg = Release|x64
		{D3AA6F4C-728D-448B-96FC-CB44CCE87F44}.Release|x64.Build.0 = Release|x64
		{D3AA6F4C-728D-448B-96FC-CB44CCE87F44}.Release|x86.ActiveCfg = Release|Win32
		{D3AA6F4C-728D-448B-96FC-CB44CCE87F44}.Release|x86.Build.0 = Release|Win32
		{05253EF5-4A8A-4F12-B76D-6838F02E58E2}.Debug|x64.ActiveCfg = Debug|x64
		{05253EF5-4A8A-4F12-B76D-6838F02E58E2}.Debug|x64.Build.0 = Debug|x64
		{05253EF5-4A8A-4F12-B76D-6838F02E58E2}.Debug|x86.ActiveCfg = Debug|Win32
		{05253EF5-4A8A-4F12-B76D-6838F02E58E2}.Debug|x86.Build.0 = Debug|Win32
		{05253EF5-4A8A-4F12-B76D-6838F02E58E2}.Release|x64.ActiveCfg = Release|x64
		{05253EF5-4A8A-4F12-B76D-6838F02E58E2}.Release|x64.Build.0 = Release|x64
		{05253EF5-4A8A-4F12-B76D-6838F02E58E2}.Release|x86.ActiveCfg = Release|Win32
		{05253EF5-4A8A-4F12-B76D-6838F02E58E2}.Release|x86.Build.0 = Release|Win32
		{3C0353B6-8B47-497E-9654-4B23C57DD395}.Debug|x64.ActiveCfg = Debug|x64
		{3C0353B6-8B47-497E-9654-4B23C57DD395}.Debug|x64.Build.0 = Debug|x64
		{3C0353B6-8B47-497E-9654-4B23C57DD395}.Debug|x86.ActiveCfg = Debug|Win32
		{3C0353B6-8B47-497E-9654-4B23C57DD395}.Debug|x86.Build.0 = Debug|Win32
		{3C0353B6-8B47-497E-9654-4B23C57DD395}.Release|x64.ActiveCfg = Release|x64
		{3C0353B6-8B47-497E-9654-4B23C57DD395}.Release|x64.Build.0 = Release|x64
		{3C0353B6-8B47-497E-9654-4B23C57DD395}.Release|x86.ActiveCfg = Release|Win32
		{3C0353B6-8B47-497E-9654-4B23C57DD395}.Release|x86.Build.0 = Release|Win32
		{099D621D-6FCA-4839-93E2-31B31521CC78}.Debug|x64.ActiveCfg = Debug|x64
		{099D621D-6FCA-4839-93E2-31B31521CC78}.Debug|x64.Build.0 = Debug|x64
		{099D621D-6FCA-4839-93E2-31B31521CC78}.Debug|x86.ActiveCfg = Debug|Win32
		{099D621D-6FCA-4839-93E2-31B31521CC78}.Debug|x86.Build.0 = Debug|Win32
		{099D621D-6FCA-4839-93E2-31B31521CC78}.Release|x64.ActiveCfg = Release|x64
		{099D621D-6FCA-4839-93E2-31B31521CC78}.Release|x64.Build.0 = Release|x64
		{099D621D-6FCA-4839-93E2-31B31521CC78}.Release|x86.ActiveCfg = Release|Win32
		{099D621D-6FCA-4839-93E2-31B31521CC78}.Release|x86.Build.0 = Release|Win32
		{43848C1B-71B0-4EE4-BA1B-829A08CDAEE7}.Debug|x64.ActiveCfg = Debug|x64
		{43848C1B-71B0-4EE4-BA1B-829A08CDAEE7}.Debug|x64.Build.0 = Debug|x64
		{43848C1B-71B0-4EE4-BA1B-829A08CDAEE7}.Debug|x86.ActiveCfg = Debug|Win32
		{43848C1B-71B0-4EE4-BA1B-829A08CDAEE7}.Debug|x86.Build.0 = Debug|Win32
		{43848C1B-71B0-4EE4-BA1B-829A08CDAEE7}.Release|x64.ActiveCfg = Release|x64
		{43848C1B-71B0-4EE4-BA1B-829A08CDAEE7}.Release|x64.Build.0 = Release|x64
		{43848C1B-71B0-4EE4-BA1B-829A08CDAEE7}.Release|x86.ActiveCfg = Release|Win32
		{43848C1B-71B0-4EE4-BA1B-829A08CDAEE7}.Release|x86.Build.0 = Release|Win32
		{4DEFD968-1483-439F-8579-78AEC789C3BB}.Debug|x64.ActiveCfg = Debug|x64
		{4DEFD968-1483-439F-8579-78AEC789C3BB}.Debug|x64.Build.0 = Debug|x64
		{4DEFD968-1483-439F-8579-78AEC789C3BB}.Debug|x86.ActiveCfg = Debug|Win32
		{4DEFD968-1483-439F-8579-78AEC789C3BB}.Debug|x86.Build.0 = Debug|Win32
		{4DEFD968-1483-439F-8579-78AEC789C3BB}.Release|x64.ActiveCfg = Release|x64
		{4DEFD968-1483-439F-8579-78AEC789C3BB}.Release|x64.Build.0 = Release|x64
		{4DEFD968-1483-439F-8579-78AEC789C3BB}.Release|x86.ActiveCfg = Release|Win32
		{4DEFD968-1483-439F-8579-78AEC789C3BB}.Release|x86.Build.0 = Release|Win32
		{99674DB8-BCB2-4E5D-924A-DC8445270D6E}.Debug|x64.ActiveCfg = Debug|x64
		{99674DB8-BCB2-4E5D-924A-DC8445270D6E}.Debug|x64.Build.0 = Debug|x64
		{99674DB8-BCB2-4E5D-924A-DC8445270D6E}.Debug|x86.ActiveCfg = Debug|Win32
		{99674DB8-BCB2-4E5D-924A-DC8445270D6E}.Debug|x86.Build.0 = Debug|Win32
		{99674DB8-BCB2-4E5D-924A-DC8445270D6E}.Release|x64.ActiveCfg = Release|x64
		{99674DB8-BCB2-4E5D-924A-DC8445270D6E}.Release|x64.Build.0 = Release|x64
		{99674DB8-BCB2-4E5D-924A-DC8445270D6E}.Release|x86.ActiveCfg = Release|Win32
		{99674DB8-BCB2-4E5D-924A-DC8445270D6E}.Release|x86.Build.0 = Release|Win32
		{4D1010E2-3548-4D47-8CFA-47C6DC3976EF}.Debug|x64.ActiveCfg = Debug|x64
		{4D1010E2-3548-4D47-8CFA-47C6DC3976EF}.Debug|x64.Build.0 = Debug|x64
		{4D1010E2-3548-4D47-8CFA-47C6DC3976EF}.Debug|x86.ActiveCfg = Debug|Win32
		{4D1010E2-3548-4D47-8CFA-47C6DC3976EF}.Debug|x86.Build.0 = Debug|Win32
		{4D1010E2-3548-4D47-8CFA-47C6DC3976EF}.Release|x64.ActiveCfg = Release|x64
		{4D1010E2-3548-4D47-8CFA-47C6DC3976EF}.Release|x64.Build.0 = Release|x64
		{4D1010E2-3548-4D47-8CFA-47C6DC3976EF}.Release|x86.ActiveCfg = Release|Win32
		{4D1010E2-3548-4D47-8CFA-47C6DC3976EF}.Release|x86.Build.0 = Release|Win32
		{74EFC07E-FF3A-49B3-850B-FFE3328E57AC}.Debug|x64.ActiveCfg = Debug|x64
		{74EFC07E-FF3A-49B3-850B-FFE3328E57AC}.Debug|x64.Build.0 = Debug|x64
		{74EFC07E-FF3A-49B3-850B-FFE3328E57AC}.Debug|x86.ActiveCfg = Debug|Win32
		{74EFC07E-FF3A-49B3-850B-FFE3328E57AC}.Debug|x86.Build.0 = Debug|Win32
		{74EFC07E-FF3A-49B3-850B-FFE3328E57AC}.Release|x64.ActiveCfg = Release|x64
		{74EFC07E-FF3A-49B3-850B-FFE3328E57AC}.Release|x64.Build.0 = Release|x64
		{74EFC07E-FF3A-49B3-850B-FFE3328E57AC}.Release|x86.ActiveCfg = Release|Win32
		{74EFC07E-FF3A-49B3-850B-FFE3328E57AC}.Release|x86.Build.0 = Release|Win32
		{14A479E6-1A46-46F4-A230-35F09EB8A67C}.Debug|x64.ActiveCfg = Debug|x64
		{14A479E6-1A46-46F4-A230-35F09EB8A67C}.Debug|x64.Build.0 = Debug|x64
		{14A479E6-1A46-46F4-A230-35F09EB8A67C}.Debug|x86.ActiveCfg = Debug|Win32
		{14A479E6-1A46-46F4-A230-35F09EB8A67C}.Debug|x86.Build.0 = Debug|Win32
		{14A479E6-1A46-46F4-A230-35F09EB8A67C}.Release|x64.ActiveCfg = Release|x64
		{14A479E6-1A46-46F4-A230-35F09EB8A67C}.Release|x64.Build.0 = Release|x64
		{14A479E6-1A46-46F4-A230-35F09EB8A67C}.Release|x86.ActiveCfg = Release|Win32
		{14A479E6-1A46-46F4-A230-35F09EB8A67C}.Release|x86.Build.0 = Release|Win32
		{A94F132B-6A2E-48DB-BCA1-7DB5D1F77CFA}.Debug|x64.ActiveCfg = Debug|x64
		{A94F132B-6A2E-48DB-BCA1-7DB5D1F77CFA}.Debug|x64.Build.0 = Debug|x64
		{A94F132B-6A2E-48DB-BCA1-7DB5D1F77CFA}.Debug|x86.ActiveCfg = Debug|Win32
		{A94F132B-6A2E-48DB-BCA1-7DB5D1F77CFA}.Debug|x86.Build.0 = Debug|Win32
		{A94F132B-6A2E-48DB-BCA1-7DB5D1F77CFA}.Release|x64.ActiveCfg = Release|x64
		{A94F132B-6A2E-48DB-BCA1-7DB5D1F77CFA}.Release|x64.Build.0 = Release|x64
		{A94F132B-6A2E-48DB-BCA1-7DB5D1F77CFA}.Release|x86.ActiveCfg = Release|Win32
		{A94F132B-6A2E-48DB-BCA1-7DB5D1F77CFA}.Release|x86.Build.0 = Release|Win32
		{FD4FA418-A313-471D-A42C-4B23B8528963}.Debug|x64.ActiveCfg = Debug|x64
		{FD4FA418-A313-471D-A42C-4B23B8528963}.Debug|x64.Build.0 = Debug|x64
		{FD4FA418-A313-471D-A42C-4B23B8528963}.Debug|x86.ActiveCfg = Debug|Win32
		{FD4FA418-A313-471D-A42C-4B23B8528963}.Debug|x86.Build.0 = Debug|Win32
		{FD4FA418-A313-471D-A42C-4B23B8528963}.Release|x64.ActiveCfg = Release|x64
		{FD4FA418-A313-471D-A42C-4B23B8528963}.Release|x64.Build.0 = Release|x64
		{FD4FA418-A313-471D-A42C-4B23B8528963}.Release|x86.ActiveCfg = Release|Win32
		{FD4FA418-A313-471D-A42C-4B23B8528963}.Release|x86.Build.0 = Release|Win32
		{7FBA6716-0E80-4E61-873C-BE5F8FF0A2CC}.Debug|x64.ActiveCfg = Debug|x64
		{7FBA6716-0E80-4E61-873C-BE5F8FF0A2CC}.Debug|x64.Build.0 = Debug|x64
		{7FBA6716-0E80-4E61-873C-BE5F8FF0A2CC}.Debug|x86.ActiveCfg = Debug|Win32
		{7FBA6716-0E80-4E61-873C-BE5F8FF0A2CC}.Debug|x86.Build.0 = Debug|Win32
		{7FBA6716-0E80-4E61-873C-BE5F8FF0A2CC}.Release|x64.ActiveCfg = Release|x64
		{7FBA6716-0E80-4E61-873C-BE5F8FF0A2CC}.Release|x64.Build.0 = Release|x64
		{7FBA6716-0E80-4E61-873C-BE5F8FF0A2CC}.Release|x86.ActiveCfg = Release|Win32
		{7FBA6716-0E80-4E61-873C-BE5F8FF0A2CC}.Release|x86.Build.0 = Release|Win32
		{1DACE817-8202-4A32-86CA-7777489F36BC}.Debug|x64.ActiveCfg = Debug|x64
		{1DACE817-8202-4A32-86CA-7777489F36BC}.Debug|x64.Build.0 = Debug|x64
		{1DACE817-8202-4A32-86CA-7777489F36BC}.Debug|x86.ActiveCfg = Debug|Win32
		{1DACE817-8202-4A32-86CA-7777489F36BC}.Debug|x86.Build.0 = Debug|Win32
		{1DACE817-8202-4A32-86CA-7777489F36BC}.Release|x64.ActiveCfg = Release|x64
		{1DACE817-8202-4A32-86CA-7777489F36BC}.Release|x64.Build.0 = Release|x64
		{1DACE817-8202-4A32-86CA-7777489F36BC}.Release|x86.ActiveCfg = Release|Win32
		{1DACE817-8202-4A32-86CA-7777489F36BC}.Release|x86.Build.0 = Release|Win32
		{8D63D813-460B-41B1-953C-28424FFB2481}.Debug|x64.ActiveCfg = Debug|x64
		{8D63D813-460B-41B1-953C-28424FFB2481}.Debug|x64.Build.0 = Debug|x64
		{8D63D813-460B-41B1-953C-28424FFB2481}.Debug|x86.ActiveCfg = Debug|Win32
		{8D63D813-460B-41B1-953C-28424FFB2481}.Debug|x86.Build.0 = Debug|Win32
		{8D63D813-460B-41B1-953C-28424FFB2481}.Release|x64.ActiveCfg = Release|x64
		{8D63D813-460B-41B1-953C-28424FFB2481}.Release|x64.Build.0 = Release|x64
		{8D63D813-460B-41B1-953C-28424FFB2481}.Release|x86.ActiveCfg = Release|Win32
		{8D63D813-460B-41B1-953C-28424FFB2481}.Release|x86.Build.0 = Release|Win32
		{CEEF7DF6-37AD-4ECE-BA42-300E26F318E2}.Debug|x64.ActiveCfg = Debug|x64
		{CEEF7DF6-37AD-4ECE-BA42-300E26F318E2}.Debug|x64.Build.0 = Debug|x64
		{CEEF7DF6-37AD-4ECE-BA42-300E26F318E2}.Debug|x86.ActiveCfg = Debug|Win32
		{CEEF7DF6-37AD-4ECE-BA42-300E26F318E2}.Debug|x86.Build.0 = Debug|Win32
		{CEEF7DF6-37AD-4ECE-BA42-300E26F318E2}.Release|x64.ActiveCfg = Release|x64
		{CEEF7DF6-37AD-4ECE-BA42-300E26F318E2}.Release|x64.Build.0 = Release|x64
		{CEEF7DF6-37AD-4ECE-BA42-300E26F318E2}.Release|x86.ActiveCfg = Release|Win32
		{CEEF7DF6-37AD-4ECE-BA42-300E26F318E2}.Release|x86.Build.0 = Release|Win32
		{1550F6A5-F464-48C7-8633-9A58ABC79977}.Debug|x64.ActiveCfg = Debug|x64
		{1550F6A5-F464-48C7-8633-9A58ABC79977}.Debug|x64.Build.0 = Debug|x64
		{1550F6A5-F464-48C7-8633-9A58ABC79977}.Debug|x86.ActiveCfg = Debug|Win32
		{1550F6A5-F464-48C7-8633-9A58ABC79977}.Debug|x86.Build.0 = Debug|Win32
		{1550F6A5-F464-48C7-8633-9A58ABC79977}.Release|x64.ActiveCfg = Release|x64
		{1550F6A5-F464-48C7-8633-9A58ABC79977}.Release|x64.Build.0 = Release|x64
		{1550F6A5-F464-48C7-8633-9A58ABC79977}.Release|x86.ActiveCfg = Release|Win32
		{1550F6A5-F464-48C7-8633-9A58ABC79977}.Release|x86.Build.0 = Release|Win32
		{9AD4B93A-DE34-4FED-AE65-C4852A513AF2}.Debug|x64.ActiveCfg = Debug|x64
		{9AD4B93A-DE34-4FED-AE65-C4852A513AF2}.Debug|x64.Build.0 = Debug|x64
		{9AD4B93A-DE34-4FED-AE65-C4852A513AF2}.Debug|x86.ActiveCfg = Debug|Win32
		{9AD4B93A-DE34-4FED-AE65-C4852A513AF2}.Debug|x86.Build.0 = Debug|Win32
		{9AD4B93A-DE34-4FED-AE65-C4852A513AF2}.Release|x64.ActiveCfg = Release|x64
		{9AD4B93A-DE34-4FED-AE65-C4852A513AF2}.Release|x64.Build.0 = Release|x64
		{9AD4B93A-DE34-4FED-AE65-C4852A513AF2}.Release|x86.ActiveCfg = Release|Win32
		{9AD4B93A-DE34-4FED-AE65-C4852A513AF2}.Release|x86.Build.0 = Release|Win32
		{402CB148-CC63-473E-955B-442A2762426D}.Debug|x64.ActiveCfg = Debug|x64
		{402CB148-CC63-473E-955B-442A2762426D}.Debug|x64.Build.0 = Debug|x64
		{402CB148-CC63-473E-955B-442A2762426D}.Debug|x86.ActiveCfg = Debug|Win32
		{402CB148-CC63-473E-955B-442A2762426D}.Debug|x86.Build.0 = Debug|Win32
		{402CB148-CC63-473E-955B-442A2762426D}.Release|x64.ActiveCfg = Release|x64
		{402CB148-CC63-473E-955B-442A2762426D}.Release|x64.Build.0 = Release|x64
		{402CB148-CC63-473E-955B-442A2762426D}.Release|x86.ActiveCfg = Release|Win32
		{402CB148-CC63-473E-955B-442A2762426D}.Release|x86.Build.0 = Release|Win32
		{22C82B96-F395-4358-9219-AA4D76336F44}.Debug|x64.ActiveCfg = Debug|x64
		{22C82B96-F395-4358-9219-AA4D76336F44}.Debug|x64.Build.0 = Debug|x64
		{22C82B96-F395-4358-9219-AA4D76336F44}.Debug|x86.ActiveCfg = Debug|Win32
		{22C82B96-F395-4358-9219-AA4D76336F44}.Debug|x86.Build.0 = Debug|Win32
		{22C82B96-F395-4358-9219-AA4D76336F44}.Release|x64.ActiveCfg = Release|x64
		{22C82B96-F395-4358-9219-AA4D76336F44}.Release|x64.Build.0 = Release|x64
		{22C82B96-F395-4358-9219-AA4D76336F44}.Release|x86.ActiveCfg = Release|Win32
		{22C82B96-F395-4358-9219-AA4D76336F44}.Release|x86.Build.0 = Release|Win32
		{6469BA8A-C2DE-42E8-9597-2A708BE3964B}.Debug|x64.ActiveCfg = Debug|x64
		{6469BA8A-C2DE-42E8-9597-2A708BE3964B}.Debug|x64.Build.0 = Debug|x64
		{6469BA8A-C2DE-42E8-9597-2A708BE3964B}.Debug|x86.ActiveCfg = Debug|Win32
		{6469BA8A-C2DE-42E8-9597-2A708BE3964B}.Debug|x86.Build.0 = Debug|Win32
		{6469BA8A-C2DE-42E8-9597-2A708BE3964B}.Release|x64.ActiveCfg = Release|x64
		{6469BA8A-C2DE-42E8-9597-2A708BE3964B}.Release|x64.Build.0 = Release|x64
		{6469BA8A-C2DE-42E8-9597-2A708BE3964B}.Release|x86.ActiveCfg = Release|Win32
		{6469BA8A-C2DE-42E8-9597-2A708BE3964B}.Release|x86.Build.0 = Release|Win32
		{1D1CC922-9B4D-42D0-AC01-18C7B89971F8}.Debug|x64.ActiveCfg = Debug|x64
		{1D1CC922-9B4D-42D0-AC01-18C7B89971F8}.Debug|x64.Build.0 = Debug|x64
		{1D1CC922-9B4D-42D0-AC01-18C7B89971F8}.Debug|x86.ActiveCfg = Debug|Win32
		{1D1CC922-9B4D-42D0-AC01-18C7B89971F8}.Debug|x86.Build.0 = Debug|Win32
		{1D1CC922-9B4D-42D0-AC01-18C7B89971F8}.Release|x64.ActiveCfg = Release|x64
		{1D1CC922-9B4D-42D0-AC01-18C7B89971F8}.Release|x64.Build.0 = Release|x64
		{1D1CC922-9B4D-42D0-AC01-18C7B89971F8}.Release|x86.ActiveCfg = Release|Win32
		{1D1CC922-9B4D-42D0-AC01-18C7B89971F8}.Release|x86.Build.0 = Release|Win32
		{B0AFB803-CFF8-47DB-87A6-072E83E5FFD8}.Debug|x64.ActiveCfg = Debug|x64
		{B0AFB803-CFF8-47DB-87A6-072E83E5FFD8}.Debug|x64.Build.0 = Debug|x64
		{B0AFB803-CFF8-47DB-87A6-072E83E5FFD8}.Debug|x86.ActiveCfg = Debug|Win32
		{B0AFB803-CFF8-47DB-87A6-072E83E5FFD8}.Debug|x86.Build.0 = Debug|Win32
		{B0AFB803-CFF8-47DB-87A6-072E83E5FFD8}.Release|x64.ActiveCfg = Release|x64
		{B0AFB803-CFF8-47DB-87A6-072E83E5FFD8}.Release|x64.Build.0 = Release|x64
		{B0AFB803-CFF8-47DB-87A6-072E83E5FFD8}.Release|x86.ActiveCfg = Release|Win32
		{B0AFB803-CFF8-47DB-87A6-072E83E5FFD8}.Release|x86.Build.0 = Release|Win32
	EndGlobalSection
	GlobalSection(SolutionProperties) = preSolution
		HideSolutionNode = FALSE
	EndGlobalSection
	GlobalSection(NestedProjects) = preSolution
		{660BE9AE-F52F-46E9-9F7C-B09E9ACD7578} = {78600D3C-0A61-4C4B-9383-B6E9915398BE}
		{7E2259A9-CE4D-4F0D-A826-AE141390295F} = {78600D3C-0A61-4C4B-9383-B6E9915398BE}
		{41CE88A0-B78D-4AF7-B61F-D0C07A05526A} = {78600D3C-0A61-4C4B-9383-B6E9915398BE}
		{AB27206C-6C3F-41CD-8FE7-387C19C03108} = {78600D3C-0A61-4C4B-9383-B6E9915398BE}
		{AED5552A-9C8C-4381-84F4-3B88D9E6B04A} = {78600D3C-0A61-4C4B-9383-B6E9915398BE}
		{67A70845-0035-4A28-A8ED-E94D30A589E4} = {78600D3C-0A61-4C4B-9383-B6E9915398BE}
		{EE0A0E7C-C737-4509-93D5-937EAF886840} = {78600D3C-0A61-4C4B-9383-B6E9915398BE}
		{78600D3C-0A61-4C4B-9383-B6E9915398BE} = {FE4CA4C6-6BB3-4EEB-83A6-F4DADC8697E7}
		{F715466D-CBF6-4F08-9481-FC6EEED37E9E} = {FE4CA4C6-6BB3-4EEB-83A6-F4DADC8697E7}
		{C67E80F3-C892-48F3-98F6-FDD1BD118B04} = {F715466D-CBF6-4F08-9481-FC6EEED37E9E}
		{F5A5E0D4-A050-4033-A216-47F34DFAAF31} = {78600D3C-0A61-4C4B-9383-B6E9915398BE}
		{FDA3340E-C381-4CE3-B0A9-5CE33E46EC82} = {78600D3C-0A61-4C4B-9383-B6E9915398BE}
		{2FA02115-E021-41BD-8BB0-0902129F3047} = {F0071052-C1AD-4041-99AB-5E92EBC866AE}
		{847A5F9D-4D78-4891-AF11-C9FDF21A3739} = {F0071052-C1AD-4041-99AB-5E92EBC866AE}
		{800A144F-3093-4D9D-89AD-83293295F7A4} = {F0071052-C1AD-4041-99AB-5E92EBC866AE}
		{D3AA6F4C-728D-448B-96FC-CB44CCE87F44} = {F0071052-C1AD-4041-99AB-5E92EBC866AE}
		{05253EF5-4A8A-4F12-B76D-6838F02E58E2} = {F0071052-C1AD-4041-99AB-5E92EBC866AE}
		{3C0353B6-8B47-497E-9654-4B23C57DD395} = {F0071052-C1AD-4041-99AB-5E92EBC866AE}
		{099D621D-6FCA-4839-93E2-31B31521CC78} = {F0071052-C1AD-4041-99AB-5E92EBC866AE}
		{43848C1B-71B0-4EE4-BA1B-829A08CDAEE7} = {F0071052-C1AD-4041-99AB-5E92EBC866AE}
		{4DEFD968-1483-439F-8579-78AEC789C3BB} = {F0071052-C1AD-4041-99AB-5E92EBC866AE}
		{99674DB8-BCB2-4E5D-924A-DC8445270D6E} = {F0071052-C1AD-4041-99AB-5E92EBC866AE}
		{49747107-A2FE-4CB7-AB62-1CB93F64BBB7} = {FE4CA4C6-6BB3-4EEB-83A6-F4DADC8697E7}
		{4D1010E2-3548-4D47-8CFA-47C6DC3976EF} = {49747107-A2FE-4CB7-AB62-1CB93F64BBB7}
		{74EFC07E-FF3A-49B3-850B-FFE3328E57AC} = {49747107-A2FE-4CB7-AB62-1CB93F64BBB7}
		{14A479E6-1A46-46F4-A230-35F09EB8A67C} = {49747107-A2FE-4CB7-AB62-1CB93F64BBB7}
		{A94F132B-6A2E-48DB-BCA1-7DB5D1F77CFA} = {49747107-A2FE-4CB7-AB62-1CB93F64BBB7}
		{FD4FA418-A313-471D-A42C-4B23B8528963} = {49747107-A2FE-4CB7-AB62-1CB93F64BBB7}
		{7FBA6716-0E80-4E61-873C-BE5F8FF0A2CC} = {91173FBC-16A2-4169-9D55-BA955FA05098}
		{1DACE817-8202-4A32-86CA-7777489F36BC} = {91173FBC-16A2-4169-9D55-BA955FA05098}
		{72D5BA44-3E45-44EB-A2E5-E7A6992182F5} = {FE4CA4C6-6BB3-4EEB-83A6-F4DADC8697E7}
		{8D63D813-460B-41B1-953C-28424FFB2481} = {72D5BA44-3E45-44EB-A2E5-E7A6992182F5}
		{CEEF7DF6-37AD-4ECE-BA42-300E26F318E2} = {72D5BA44-3E45-44EB-A2E5-E7A6992182F5}
		{1550F6A5-F464-48C7-8633-9A58ABC79977} = {72D5BA44-3E45-44EB-A2E5-E7A6992182F5}
		{9AD4B93A-DE34-4FED-AE65-C4852A513AF2} = {72D5BA44-3E45-44EB-A2E5-E7A6992182F5}
		{402CB148-CC63-473E-955B-442A2762426D} = {72D5BA44-3E45-44EB-A2E5-E7A6992182F5}
		{22C82B96-F395-4358-9219-AA4D76336F44} = {72D5BA44-3E45-44EB-A2E5-E7A6992182F5}
		{6469BA8A-C2DE-42E8-9597-2A708BE3964B} = {72D5BA44-3E45-44EB-A2E5-E7A6992182F5}
		{1D1CC922-9B4D-42D0-AC01-18C7B89971F8} = {72D5BA44-3E45-44EB-A2E5-E7A6992182F5}
		{B0AFB803-CFF8-47DB-87A6-072E83E5FFD8} = {72D5BA44-3E45-44EB-A2E5-E7A6992182F5}
	EndGlobalSection
EndGlobal
