
Microsoft Visual Studio Solution File, Format Version 12.00
# Visual Studio 15
VisualStudioVersion = 15.0.25928.0
MinimumVisualStudioVersion = 10.0.40219.1
Project("{8BC9CEB8-8B4A-11D0-8D11-00A0C91BC942}") = "5-2 一元多项式的乘法和加法", "OJ\OJ.vcxproj", "{660BE9AE-F52F-46E9-9F7C-B09E9ACD7578}"
EndProject
Project("{2150E333-8FDC-42A3-9474-1A3956D46DE8}") = "LeetCode", "LeetCode", "{77B2B5D9-5E2F-4D14-BAE7-9C9C246FD5E4}"
EndProject
Project("{2150E333-8FDC-42A3-9474-1A3956D46DE8}") = "PTA", "PTA", "{FE4CA4C6-6BB3-4EEB-83A6-F4DADC8697E7}"
EndProject
Project("{2150E333-8FDC-42A3-9474-1A3956D46DE8}") = "PAT", "PAT", "{BD914F53-2D15-44A5-9D6D-D1B73F2F3121}"
EndProject
Project("{8BC9CEB8-8B4A-11D0-8D11-00A0C91BC942}") = "5-1 最大连续子列和", "5-1 最大连续子列和\5-1 最大连续子列和.vcxproj", "{7E2259A9-CE4D-4F0D-A826-AE141390295F}"
EndProject
Project("{8BC9CEB8-8B4A-11D0-8D11-00A0C91BC942}") = "5-3 树的同构", "5-3\5-3.vcxproj", "{41CE88A0-B78D-4AF7-B61F-D0C07A05526A}"
EndProject
Project("{8BC9CEB8-8B4A-11D0-8D11-00A0C91BC942}") = "5-4 是否同一棵二叉树", "5-4 是否同一棵二叉树\5-4 是否同一棵二叉树.vcxproj", "{AB27206C-6C3F-41CD-8FE7-387C19C03108}"
EndProject
Project("{8BC9CEB8-8B4A-11D0-8D11-00A0C91BC942}") = "5-5 堆中的路径", "5-5\5-5.vcxproj", "{AED5552A-9C8C-4381-84F4-3B88D9E6B04A}"
EndProject
Project("{8BC9CEB8-8B4A-11D0-8D11-00A0C91BC942}") = "5-6 列出连通集", "5-6 列出连通集\5-6 列出连通集.vcxproj", "{67A70845-0035-4A28-A8ED-E94D30A589E4}"
EndProject
Project("{8BC9CEB8-8B4A-11D0-8D11-00A0C91BC942}") = "5-7 六度空间", "5-7 六度空间\5-7 六度空间.vcxproj", "{EE0A0E7C-C737-4509-93D5-937EAF886840}"
EndProject
Project("{2150E333-8FDC-42A3-9474-1A3956D46DE8}") = "数据结构", "数据结构", "{78600D3C-0A61-4C4B-9383-B6E9915398BE}"
EndProject
Project("{2150E333-8FDC-42A3-9474-1A3956D46DE8}") = "基础习题", "基础习题", "{F715466D-CBF6-4F08-9481-FC6EEED37E9E}"
EndProject
Project("{8BC9CEB8-8B4A-11D0-8D11-00A0C91BC942}") = "5-36 复数四则运算", "5-36\5-36.vcxproj", "{C67E80F3-C892-48F3-98F6-FDD1BD118B04}"
EndProject
Project("{8BC9CEB8-8B4A-11D0-8D11-00A0C91BC942}") = "5-8 哈利·波特的考试", "5-8 哈利·波特的考试\5-8 哈利·波特的考试.vcxproj", "{F5A5E0D4-A050-4033-A216-47F34DFAAF31}"
EndProject
Project("{8BC9CEB8-8B4A-11D0-8D11-00A0C91BC942}") = "5-9 旅游规划", "5-9 旅游规划\5-9 旅游规划.vcxproj", "{FDA3340E-C381-4CE3-B0A9-5CE33E46EC82}"
EndProject
Project("{2150E333-8FDC-42A3-9474-1A3956D46DE8}") = "POJ", "POJ", "{F0071052-C1AD-4041-99AB-5E92EBC866AE}"
EndProject
Project("{8BC9CEB8-8B4A-11D0-8D11-00A0C91BC942}") = "1852 Ants@364K 141MS", "1852 Ants\1852 Ants.vcxproj", "{2FA02115-E021-41BD-8BB0-0902129F3047}"
EndProject
Project("{8BC9CEB8-8B4A-11D0-8D11-00A0C91BC942}") = "2386 Lake Counting@1427K 42MS", "2386 Lake Count\2386 Lake Count.vcxproj", "{847A5F9D-4D78-4891-AF11-C9FDF21A3739}"
EndProject
Project("{8BC9CEB8-8B4A-11D0-8D11-00A0C91BC942}") = "1001 Exponentiation@364K 0MS", "1001 Exponentiation\1001 Exponentiation.vcxproj", "{800A144F-3093-4D9D-89AD-83293295F7A4}"
EndProject
Project("{8BC9CEB8-8B4A-11D0-8D11-00A0C91BC942}") = "1002 487-3279@39536K 438MS", "1002 487-3279\1002 487-3279.vcxproj", "{D3AA6F4C-728D-448B-96FC-CB44CCE87F44}"
EndProject
Project("{8BC9CEB8-8B4A-11D0-8D11-00A0C91BC942}") = "1003 Hangover@372K 0MS", "1003\1003.vcxproj", "{05253EF5-4A8A-4F12-B76D-6838F02E58E2}"
EndProject
Project("{8BC9CEB8-8B4A-11D0-8D11-00A0C91BC942}") = "1004 Financial Management@156K 0MS", "1004 Financial Management\1004 Financial Management.vcxproj", "{3C0353B6-8B47-497E-9654-4B23C57DD395}"
EndProject
Project("{8BC9CEB8-8B4A-11D0-8D11-00A0C91BC942}") = "1005 I Think I Need a Houseboat@252K 0MS", "1005\1005.vcxproj", "{099D621D-6FCA-4839-93E2-31B31521CC78}"
EndProject
Project("{8BC9CEB8-8B4A-11D0-8D11-00A0C91BC942}") = "3617 Best Cow Line", "3617 Best Cow Line\3617 Best Cow Line.vcxproj", "{43848C1B-71B0-4EE4-BA1B-829A08CDAEE7}"
EndProject
Global
	GlobalSection(SolutionConfigurationPlatforms) = preSolution
		Debug|x64 = Debug|x64
		Debug|x86 = Debug|x86
		Release|x64 = Release|x64
		Release|x86 = Release|x86
	EndGlobalSection
	GlobalSection(ProjectConfigurationPlatforms) = postSolution
		{660BE9AE-F52F-46E9-9F7C-B09E9ACD7578}.Debug|x64.ActiveCfg = Debug|x64
		{660BE9AE-F52F-46E9-9F7C-B09E9ACD7578}.Debug|x64.Build.0 = Debug|x64
		{660BE9AE-F52F-46E9-9F7C-B09E9ACD7578}.Debug|x86.ActiveCfg = Debug|Win32
		{660BE9AE-F52F-46E9-9F7C-B09E9ACD7578}.Debug|x86.Build.0 = Debug|Win32
		{660BE9AE-F52F-46E9-9F7C-B09E9ACD7578}.Release|x64.ActiveCfg = Release|x64
		{660BE9AE-F52F-46E9-9F7C-B09E9ACD7578}.Release|x64.Build.0 = Release|x64
		{660BE9AE-F52F-46E9-9F7C-B09E9ACD7578}.Release|x86.ActiveCfg = Release|Win32
		{660BE9AE-F52F-46E9-9F7C-B09E9ACD7578}.Release|x86.Build.0 = Release|Win32
		{7E2259A9-CE4D-4F0D-A826-AE141390295F}.Debug|x64.ActiveCfg = Debug|x64
		{7E2259A9-CE4D-4F0D-A826-AE141390295F}.Debug|x64.Build.0 = Debug|x64
		{7E2259A9-CE4D-4F0D-A826-AE141390295F}.Debug|x86.ActiveCfg = Debug|Win32
		{7E2259A9-CE4D-4F0D-A826-AE141390295F}.Debug|x86.Build.0 = Debug|Win32
		{7E2259A9-CE4D-4F0D-A826-AE141390295F}.Release|x64.ActiveCfg = Release|x64
		{7E2259A9-CE4D-4F0D-A826-AE141390295F}.Release|x64.Build.0 = Release|x64
		{7E2259A9-CE4D-4F0D-A826-AE141390295F}.Release|x86.ActiveCfg = Release|Win32
		{7E2259A9-CE4D-4F0D-A826-AE141390295F}.Release|x86.Build.0 = Release|Win32
		{41CE88A0-B78D-4AF7-B61F-D0C07A05526A}.Debug|x64.ActiveCfg = Debug|x64
		{41CE88A0-B78D-4AF7-B61F-D0C07A05526A}.Debug|x64.Build.0 = Debug|x64
		{41CE88A0-B78D-4AF7-B61F-D0C07A05526A}.Debug|x86.ActiveCfg = Debug|Win32
		{41CE88A0-B78D-4AF7-B61F-D0C07A05526A}.Debug|x86.Build.0 = Debug|Win32
		{41CE88A0-B78D-4AF7-B61F-D0C07A05526A}.Release|x64.ActiveCfg = Release|x64
		{41CE88A0-B78D-4AF7-B61F-D0C07A05526A}.Release|x64.Build.0 = Release|x64
		{41CE88A0-B78D-4AF7-B61F-D0C07A05526A}.Release|x86.ActiveCfg = Release|Win32
		{41CE88A0-B78D-4AF7-B61F-D0C07A05526A}.Release|x86.Build.0 = Release|Win32
		{AB27206C-6C3F-41CD-8FE7-387C19C03108}.Debug|x64.ActiveCfg = Debug|x64
		{AB27206C-6C3F-41CD-8FE7-387C19C03108}.Debug|x64.Build.0 = Debug|x64
		{AB27206C-6C3F-41CD-8FE7-387C19C03108}.Debug|x86.ActiveCfg = Debug|Win32
		{AB27206C-6C3F-41CD-8FE7-387C19C03108}.Debug|x86.Build.0 = Debug|Win32
		{AB27206C-6C3F-41CD-8FE7-387C19C03108}.Release|x64.ActiveCfg = Release|x64
		{AB27206C-6C3F-41CD-8FE7-387C19C03108}.Release|x64.Build.0 = Release|x64
		{AB27206C-6C3F-41CD-8FE7-387C19C03108}.Release|x86.ActiveCfg = Release|Win32
		{AB27206C-6C3F-41CD-8FE7-387C19C03108}.Release|x86.Build.0 = Release|Win32
		{AED5552A-9C8C-4381-84F4-3B88D9E6B04A}.Debug|x64.ActiveCfg = Debug|x64
		{AED5552A-9C8C-4381-84F4-3B88D9E6B04A}.Debug|x64.Build.0 = Debug|x64
		{AED5552A-9C8C-4381-84F4-3B88D9E6B04A}.Debug|x86.ActiveCfg = Debug|Win32
		{AED5552A-9C8C-4381-84F4-3B88D9E6B04A}.Debug|x86.Build.0 = Debug|Win32
		{AED5552A-9C8C-4381-84F4-3B88D9E6B04A}.Release|x64.ActiveCfg = Release|x64
		{AED5552A-9C8C-4381-84F4-3B88D9E6B04A}.Release|x64.Build.0 = Release|x64
		{AED5552A-9C8C-4381-84F4-3B88D9E6B04A}.Release|x86.ActiveCfg = Release|Win32
		{AED5552A-9C8C-4381-84F4-3B88D9E6B04A}.Release|x86.Build.0 = Release|Win32
		{67A70845-0035-4A28-A8ED-E94D30A589E4}.Debug|x64.ActiveCfg = Debug|x64
		{67A70845-0035-4A28-A8ED-E94D30A589E4}.Debug|x64.Build.0 = Debug|x64
		{67A70845-0035-4A28-A8ED-E94D30A589E4}.Debug|x86.ActiveCfg = Debug|Win32
		{67A70845-0035-4A28-A8ED-E94D30A589E4}.Debug|x86.Build.0 = Debug|Win32
		{67A70845-0035-4A28-A8ED-E94D30A589E4}.Release|x64.ActiveCfg = Release|x64
		{67A70845-0035-4A28-A8ED-E94D30A589E4}.Release|x64.Build.0 = Release|x64
		{67A70845-0035-4A28-A8ED-E94D30A589E4}.Release|x86.ActiveCfg = Release|Win32
		{67A70845-0035-4A28-A8ED-E94D30A589E4}.Release|x86.Build.0 = Release|Win32
		{EE0A0E7C-C737-4509-93D5-937EAF886840}.Debug|x64.ActiveCfg = Debug|x64
		{EE0A0E7C-C737-4509-93D5-937EAF886840}.Debug|x64.Build.0 = Debug|x64
		{EE0A0E7C-C737-4509-93D5-937EAF886840}.Debug|x86.ActiveCfg = Debug|Win32
		{EE0A0E7C-C737-4509-93D5-937EAF886840}.Debug|x86.Build.0 = Debug|Win32
		{EE0A0E7C-C737-4509-93D5-937EAF886840}.Release|x64.ActiveCfg = Release|x64
		{EE0A0E7C-C737-4509-93D5-937EAF886840}.Release|x64.Build.0 = Release|x64
		{EE0A0E7C-C737-4509-93D5-937EAF886840}.Release|x86.ActiveCfg = Release|Win32
		{EE0A0E7C-C737-4509-93D5-937EAF886840}.Release|x86.Build.0 = Release|Win32
		{C67E80F3-C892-48F3-98F6-FDD1BD118B04}.Debug|x64.ActiveCfg = Debug|x64
		{C67E80F3-C892-48F3-98F6-FDD1BD118B04}.Debug|x64.Build.0 = Debug|x64
		{C67E80F3-C892-48F3-98F6-FDD1BD118B04}.Debug|x86.ActiveCfg = Debug|Win32
		{C67E80F3-C892-48F3-98F6-FDD1BD118B04}.Debug|x86.Build.0 = Debug|Win32
		{C67E80F3-C892-48F3-98F6-FDD1BD118B04}.Release|x64.ActiveCfg = Release|x64
		{C67E80F3-C892-48F3-98F6-FDD1BD118B04}.Release|x64.Build.0 = Release|x64
		{C67E80F3-C892-48F3-98F6-FDD1BD118B04}.Release|x86.ActiveCfg = Release|Win32
		{C67E80F3-C892-48F3-98F6-FDD1BD118B04}.Release|x86.Build.0 = Release|Win32
		{F5A5E0D4-A050-4033-A216-47F34DFAAF31}.Debug|x64.ActiveCfg = Debug|x64
		{F5A5E0D4-A050-4033-A216-47F34DFAAF31}.Debug|x64.Build.0 = Debug|x64
		{F5A5E0D4-A050-4033-A216-47F34DFAAF31}.Debug|x86.ActiveCfg = Debug|Win32
		{F5A5E0D4-A050-4033-A216-47F34DFAAF31}.Debug|x86.Build.0 = Debug|Win32
		{F5A5E0D4-A050-4033-A216-47F34DFAAF31}.Release|x64.ActiveCfg = Release|x64
		{F5A5E0D4-A050-4033-A216-47F34DFAAF31}.Release|x64.Build.0 = Release|x64
		{F5A5E0D4-A050-4033-A216-47F34DFAAF31}.Release|x86.ActiveCfg = Release|Win32
		{F5A5E0D4-A050-4033-A216-47F34DFAAF31}.Release|x86.Build.0 = Release|Win32
		{FDA3340E-C381-4CE3-B0A9-5CE33E46EC82}.Debug|x64.ActiveCfg = Debug|x64
		{FDA3340E-C381-4CE3-B0A9-5CE33E46EC82}.Debug|x64.Build.0 = Debug|x64
		{FDA3340E-C381-4CE3-B0A9-5CE33E46EC82}.Debug|x86.ActiveCfg = Debug|Win32
		{FDA3340E-C381-4CE3-B0A9-5CE33E46EC82}.Debug|x86.Build.0 = Debug|Win32
		{FDA3340E-C381-4CE3-B0A9-5CE33E46EC82}.Release|x64.ActiveCfg = Release|x64
		{FDA3340E-C381-4CE3-B0A9-5CE33E46EC82}.Release|x64.Build.0 = Release|x64
		{FDA3340E-C381-4CE3-B0A9-5CE33E46EC82}.Release|x86.ActiveCfg = Release|Win32
		{FDA3340E-C381-4CE3-B0A9-5CE33E46EC82}.Release|x86.Build.0 = Release|Win32
		{2FA02115-E021-41BD-8BB0-0902129F3047}.Debug|x64.ActiveCfg = Debug|x64
		{2FA02115-E021-41BD-8BB0-0902129F3047}.Debug|x64.Build.0 = Debug|x64
		{2FA02115-E021-41BD-8BB0-0902129F3047}.Debug|x86.ActiveCfg = Debug|Win32
		{2FA02115-E021-41BD-8BB0-0902129F3047}.Debug|x86.Build.0 = Debug|Win32
		{2FA02115-E021-41BD-8BB0-0902129F3047}.Release|x64.ActiveCfg = Release|x64
		{2FA02115-E021-41BD-8BB0-0902129F3047}.Release|x64.Build.0 = Release|x64
		{2FA02115-E021-41BD-8BB0-0902129F3047}.Release|x86.ActiveCfg = Release|Win32
		{2FA02115-E021-41BD-8BB0-0902129F3047}.Release|x86.Build.0 = Release|Win32
		{847A5F9D-4D78-4891-AF11-C9FDF21A3739}.Debug|x64.ActiveCfg = Debug|x64
		{847A5F9D-4D78-4891-AF11-C9FDF21A3739}.Debug|x64.Build.0 = Debug|x64
		{847A5F9D-4D78-4891-AF11-C9FDF21A3739}.Debug|x86.ActiveCfg = Debug|Win32
		{847A5F9D-4D78-4891-AF11-C9FDF21A3739}.Debug|x86.Build.0 = Debug|Win32
		{847A5F9D-4D78-4891-AF11-C9FDF21A3739}.Release|x64.ActiveCfg = Release|x64
		{847A5F9D-4D78-4891-AF11-C9FDF21A3739}.Release|x64.Build.0 = Release|x64
		{847A5F9D-4D78-4891-AF11-C9FDF21A3739}.Release|x86.ActiveCfg = Release|Win32
		{847A5F9D-4D78-4891-AF11-C9FDF21A3739}.Release|x86.Build.0 = Release|Win32
		{800A144F-3093-4D9D-89AD-83293295F7A4}.Debug|x64.ActiveCfg = Debug|x64
		{800A144F-3093-4D9D-89AD-83293295F7A4}.Debug|x64.Build.0 = Debug|x64
		{800A144F-3093-4D9D-89AD-83293295F7A4}.Debug|x86.ActiveCfg = Debug|Win32
		{800A144F-3093-4D9D-89AD-83293295F7A4}.Debug|x86.Build.0 = Debug|Win32
		{800A144F-3093-4D9D-89AD-83293295F7A4}.Release|x64.ActiveCfg = Release|x64
		{800A144F-3093-4D9D-89AD-83293295F7A4}.Release|x64.Build.0 = Release|x64
		{800A144F-3093-4D9D-89AD-83293295F7A4}.Release|x86.ActiveCfg = Release|Win32
		{800A144F-3093-4D9D-89AD-83293295F7A4}.Release|x86.Build.0 = Release|Win32
		{D3AA6F4C-728D-448B-96FC-CB44CCE87F44}.Debug|x64.ActiveCfg = Debug|x64
		{D3AA6F4C-728D-448B-96FC-CB44CCE87F44}.Debug|x64.Build.0 = Debug|x64
		{D3AA6F4C-728D-448B-96FC-CB44CCE87F44}.Debug|x86.ActiveCfg = Debug|Win32
		{D3AA6F4C-728D-448B-96FC-CB44CCE87F44}.Debug|x86.Build.0 = Debug|Win32
		{D3AA6F4C-728D-448B-96FC-CB44CCE87F44}.Release|x64.ActiveCfg = Release|x64
		{D3AA6F4C-728D-448B-96FC-CB44CCE87F44}.Release|x64.Build.0 = Release|x64
		{D3AA6F4C-728D-448B-96FC-CB44CCE87F44}.Release|x86.ActiveCfg = Release|Win32
		{D3AA6F4C-728D-448B-96FC-CB44CCE87F44}.Release|x86.Build.0 = Release|Win32
		{05253EF5-4A8A-4F12-B76D-6838F02E58E2}.Debug|x64.ActiveCfg = Debug|x64
		{05253EF5-4A8A-4F12-B76D-6838F02E58E2}.Debug|x64.Build.0 = Debug|x64
		{05253EF5-4A8A-4F12-B76D-6838F02E58E2}.Debug|x86.ActiveCfg = Debug|Win32
		{05253EF5-4A8A-4F12-B76D-6838F02E58E2}.Debug|x86.Build.0 = Debug|Win32
		{05253EF5-4A8A-4F12-B76D-6838F02E58E2}.Release|x64.ActiveCfg = Release|x64
		{05253EF5-4A8A-4F12-B76D-6838F02E58E2}.Release|x64.Build.0 = Release|x64
		{05253EF5-4A8A-4F12-B76D-6838F02E58E2}.Release|x86.ActiveCfg = Release|Win32
		{05253EF5-4A8A-4F12-B76D-6838F02E58E2}.Release|x86.Build.0 = Release|Win32
		{3C0353B6-8B47-497E-9654-4B23C57DD395}.Debug|x64.ActiveCfg = Debug|x64
		{3C0353B6-8B47-497E-9654-4B23C57DD395}.Debug|x64.Build.0 = Debug|x64
		{3C0353B6-8B47-497E-9654-4B23C57DD395}.Debug|x86.ActiveCfg = Debug|Win32
		{3C0353B6-8B47-497E-9654-4B23C57DD395}.Debug|x86.Build.0 = Debug|Win32
		{3C0353B6-8B47-497E-9654-4B23C57DD395}.Release|x64.ActiveCfg = Release|x64
		{3C0353B6-8B47-497E-9654-4B23C57DD395}.Release|x64.Build.0 = Release|x64
		{3C0353B6-8B47-497E-9654-4B23C57DD395}.Release|x86.ActiveCfg = Release|Win32
		{3C0353B6-8B47-497E-9654-4B23C57DD395}.Release|x86.Build.0 = Release|Win32
		{099D621D-6FCA-4839-93E2-31B31521CC78}.Debug|x64.ActiveCfg = Debug|x64
		{099D621D-6FCA-4839-93E2-31B31521CC78}.Debug|x64.Build.0 = Debug|x64
		{099D621D-6FCA-4839-93E2-31B31521CC78}.Debug|x86.ActiveCfg = Debug|Win32
		{099D621D-6FCA-4839-93E2-31B31521CC78}.Debug|x86.Build.0 = Debug|Win32
		{099D621D-6FCA-4839-93E2-31B31521CC78}.Release|x64.ActiveCfg = Release|x64
		{099D621D-6FCA-4839-93E2-31B31521CC78}.Release|x64.Build.0 = Release|x64
		{099D621D-6FCA-4839-93E2-31B31521CC78}.Release|x86.ActiveCfg = Release|Win32
		{099D621D-6FCA-4839-93E2-31B31521CC78}.Release|x86.Build.0 = Release|Win32
		{43848C1B-71B0-4EE4-BA1B-829A08CDAEE7}.Debug|x64.ActiveCfg = Debug|x64
		{43848C1B-71B0-4EE4-BA1B-829A08CDAEE7}.Debug|x64.Build.0 = Debug|x64
		{43848C1B-71B0-4EE4-BA1B-829A08CDAEE7}.Debug|x86.ActiveCfg = Debug|Win32
		{43848C1B-71B0-4EE4-BA1B-829A08CDAEE7}.Debug|x86.Build.0 = Debug|Win32
		{43848C1B-71B0-4EE4-BA1B-829A08CDAEE7}.Release|x64.ActiveCfg = Release|x64
		{43848C1B-71B0-4EE4-BA1B-829A08CDAEE7}.Release|x64.Build.0 = Release|x64
		{43848C1B-71B0-4EE4-BA1B-829A08CDAEE7}.Release|x86.ActiveCfg = Release|Win32
		{43848C1B-71B0-4EE4-BA1B-829A08CDAEE7}.Release|x86.Build.0 = Release|Win32
	EndGlobalSection
	GlobalSection(SolutionProperties) = preSolution
		HideSolutionNode = FALSE
	EndGlobalSection
	GlobalSection(NestedProjects) = preSolution
		{660BE9AE-F52F-46E9-9F7C-B09E9ACD7578} = {78600D3C-0A61-4C4B-9383-B6E9915398BE}
		{7E2259A9-CE4D-4F0D-A826-AE141390295F} = {78600D3C-0A61-4C4B-9383-B6E9915398BE}
		{41CE88A0-B78D-4AF7-B61F-D0C07A05526A} = {78600D3C-0A61-4C4B-9383-B6E9915398BE}
		{AB27206C-6C3F-41CD-8FE7-387C19C03108} = {78600D3C-0A61-4C4B-9383-B6E9915398BE}
		{AED5552A-9C8C-4381-84F4-3B88D9E6B04A} = {78600D3C-0A61-4C4B-9383-B6E9915398BE}
		{67A70845-0035-4A28-A8ED-E94D30A589E4} = {78600D3C-0A61-4C4B-9383-B6E9915398BE}
		{EE0A0E7C-C737-4509-93D5-937EAF886840} = {78600D3C-0A61-4C4B-9383-B6E9915398BE}
		{78600D3C-0A61-4C4B-9383-B6E9915398BE} = {FE4CA4C6-6BB3-4EEB-83A6-F4DADC8697E7}
		{F715466D-CBF6-4F08-9481-FC6EEED37E9E} = {FE4CA4C6-6BB3-4EEB-83A6-F4DADC8697E7}
		{C67E80F3-C892-48F3-98F6-FDD1BD118B04} = {F715466D-CBF6-4F08-9481-FC6EEED37E9E}
		{F5A5E0D4-A050-4033-A216-47F34DFAAF31} = {78600D3C-0A61-4C4B-9383-B6E9915398BE}
		{FDA3340E-C381-4CE3-B0A9-5CE33E46EC82} = {78600D3C-0A61-4C4B-9383-B6E9915398BE}
		{2FA02115-E021-41BD-8BB0-0902129F3047} = {F0071052-C1AD-4041-99AB-5E92EBC866AE}
		{847A5F9D-4D78-4891-AF11-C9FDF21A3739} = {F0071052-C1AD-4041-99AB-5E92EBC866AE}
		{800A144F-3093-4D9D-89AD-83293295F7A4} = {F0071052-C1AD-4041-99AB-5E92EBC866AE}
		{D3AA6F4C-728D-448B-96FC-CB44CCE87F44} = {F0071052-C1AD-4041-99AB-5E92EBC866AE}
		{05253EF5-4A8A-4F12-B76D-6838F02E58E2} = {F0071052-C1AD-4041-99AB-5E92EBC866AE}
		{3C0353B6-8B47-497E-9654-4B23C57DD395} = {F0071052-C1AD-4041-99AB-5E92EBC866AE}
		{099D621D-6FCA-4839-93E2-31B31521CC78} = {F0071052-C1AD-4041-99AB-5E92EBC866AE}
		{43848C1B-71B0-4EE4-BA1B-829A08CDAEE7} = {F0071052-C1AD-4041-99AB-5E92EBC866AE}
	EndGlobalSection
EndGlobal
