
Microsoft Visual Studio Solution File, Format Version 12.00
# Visual Studio 15
VisualStudioVersion = 15.0.25928.0
MinimumVisualStudioVersion = 10.0.40219.1
Project("{8BC9CEB8-8B4A-11D0-8D11-00A0C91BC942}") = "5-2 一元多项式的乘法和加法", "OJ\OJ.vcxproj", "{660BE9AE-F52F-46E9-9F7C-B09E9ACD7578}"
EndProject
Project("{2150E333-8FDC-42A3-9474-1A3956D46DE8}") = "LeetCode", "LeetCode", "{77B2B5D9-5E2F-4D14-BAE7-9C9C246FD5E4}"
EndProject
Project("{2150E333-8FDC-42A3-9474-1A3956D46DE8}") = "PTA", "PTA", "{FE4CA4C6-6BB3-4EEB-83A6-F4DADC8697E7}"
EndProject
Project("{2150E333-8FDC-42A3-9474-1A3956D46DE8}") = "PAT", "PAT", "{BD914F53-2D15-44A5-9D6D-D1B73F2F3121}"
EndProject
Project("{8BC9CEB8-8B4A-11D0-8D11-00A0C91BC942}") = "5-1 最大连续子列和", "5-1 最大连续子列和\5-1 最大连续子列和.vcxproj", "{7E2259A9-CE4D-4F0D-A826-AE141390295F}"
EndProject
Project("{8BC9CEB8-8B4A-11D0-8D11-00A0C91BC942}") = "5-3 树的同构", "5-3\5-3.vcxproj", "{41CE88A0-B78D-4AF7-B61F-D0C07A05526A}"
EndProject
Project("{8BC9CEB8-8B4A-11D0-8D11-00A0C91BC942}") = "5-4 是否同一棵二叉树", "5-4 是否同一棵二叉树\5-4 是否同一棵二叉树.vcxproj", "{AB27206C-6C3F-41CD-8FE7-387C19C03108}"
EndProject
Project("{8BC9CEB8-8B4A-11D0-8D11-00A0C91BC942}") = "5-5 堆中的路径", "5-5\5-5.vcxproj", "{AED5552A-9C8C-4381-84F4-3B88D9E6B04A}"
EndProject
Project("{8BC9CEB8-8B4A-11D0-8D11-00A0C91BC942}") = "5-6 列出连通集", "5-6 列出连通集\5-6 列出连通集.vcxproj", "{67A70845-0035-4A28-A8ED-E94D30A589E4}"
EndProject
Global
	GlobalSection(SolutionConfigurationPlatforms) = preSolution
		Debug|x64 = Debug|x64
		Debug|x86 = Debug|x86
		Release|x64 = Release|x64
		Release|x86 = Release|x86
	EndGlobalSection
	GlobalSection(ProjectConfigurationPlatforms) = postSolution
		{660BE9AE-F52F-46E9-9F7C-B09E9ACD7578}.Debug|x64.ActiveCfg = Debug|x64
		{660BE9AE-F52F-46E9-9F7C-B09E9ACD7578}.Debug|x64.Build.0 = Debug|x64
		{660BE9AE-F52F-46E9-9F7C-B09E9ACD7578}.Debug|x86.ActiveCfg = Debug|Win32
		{660BE9AE-F52F-46E9-9F7C-B09E9ACD7578}.Debug|x86.Build.0 = Debug|Win32
		{660BE9AE-F52F-46E9-9F7C-B09E9ACD7578}.Release|x64.ActiveCfg = Release|x64
		{660BE9AE-F52F-46E9-9F7C-B09E9ACD7578}.Release|x64.Build.0 = Release|x64
		{660BE9AE-F52F-46E9-9F7C-B09E9ACD7578}.Release|x86.ActiveCfg = Release|Win32
		{660BE9AE-F52F-46E9-9F7C-B09E9ACD7578}.Release|x86.Build.0 = Release|Win32
		{7E2259A9-CE4D-4F0D-A826-AE141390295F}.Debug|x64.ActiveCfg = Debug|x64
		{7E2259A9-CE4D-4F0D-A826-AE141390295F}.Debug|x64.Build.0 = Debug|x64
		{7E2259A9-CE4D-4F0D-A826-AE141390295F}.Debug|x86.ActiveCfg = Debug|Win32
		{7E2259A9-CE4D-4F0D-A826-AE141390295F}.Debug|x86.Build.0 = Debug|Win32
		{7E2259A9-CE4D-4F0D-A826-AE141390295F}.Release|x64.ActiveCfg = Release|x64
		{7E2259A9-CE4D-4F0D-A826-AE141390295F}.Release|x64.Build.0 = Release|x64
		{7E2259A9-CE4D-4F0D-A826-AE141390295F}.Release|x86.ActiveCfg = Release|Win32
		{7E2259A9-CE4D-4F0D-A826-AE141390295F}.Release|x86.Build.0 = Release|Win32
		{41CE88A0-B78D-4AF7-B61F-D0C07A05526A}.Debug|x64.ActiveCfg = Debug|x64
		{41CE88A0-B78D-4AF7-B61F-D0C07A05526A}.Debug|x64.Build.0 = Debug|x64
		{41CE88A0-B78D-4AF7-B61F-D0C07A05526A}.Debug|x86.ActiveCfg = Debug|Win32
		{41CE88A0-B78D-4AF7-B61F-D0C07A05526A}.Debug|x86.Build.0 = Debug|Win32
		{41CE88A0-B78D-4AF7-B61F-D0C07A05526A}.Release|x64.ActiveCfg = Release|x64
		{41CE88A0-B78D-4AF7-B61F-D0C07A05526A}.Release|x64.Build.0 = Release|x64
		{41CE88A0-B78D-4AF7-B61F-D0C07A05526A}.Release|x86.ActiveCfg = Release|Win32
		{41CE88A0-B78D-4AF7-B61F-D0C07A05526A}.Release|x86.Build.0 = Release|Win32
		{AB27206C-6C3F-41CD-8FE7-387C19C03108}.Debug|x64.ActiveCfg = Debug|x64
		{AB27206C-6C3F-41CD-8FE7-387C19C03108}.Debug|x64.Build.0 = Debug|x64
		{AB27206C-6C3F-41CD-8FE7-387C19C03108}.Debug|x86.ActiveCfg = Debug|Win32
		{AB27206C-6C3F-41CD-8FE7-387C19C03108}.Debug|x86.Build.0 = Debug|Win32
		{AB27206C-6C3F-41CD-8FE7-387C19C03108}.Release|x64.ActiveCfg = Release|x64
		{AB27206C-6C3F-41CD-8FE7-387C19C03108}.Release|x64.Build.0 = Release|x64
		{AB27206C-6C3F-41CD-8FE7-387C19C03108}.Release|x86.ActiveCfg = Release|Win32
		{AB27206C-6C3F-41CD-8FE7-387C19C03108}.Release|x86.Build.0 = Release|Win32
		{AED5552A-9C8C-4381-84F4-3B88D9E6B04A}.Debug|x64.ActiveCfg = Debug|x64
		{AED5552A-9C8C-4381-84F4-3B88D9E6B04A}.Debug|x64.Build.0 = Debug|x64
		{AED5552A-9C8C-4381-84F4-3B88D9E6B04A}.Debug|x86.ActiveCfg = Debug|Win32
		{AED5552A-9C8C-4381-84F4-3B88D9E6B04A}.Debug|x86.Build.0 = Debug|Win32
		{AED5552A-9C8C-4381-84F4-3B88D9E6B04A}.Release|x64.ActiveCfg = Release|x64
		{AED5552A-9C8C-4381-84F4-3B88D9E6B04A}.Release|x64.Build.0 = Release|x64
		{AED5552A-9C8C-4381-84F4-3B88D9E6B04A}.Release|x86.ActiveCfg = Release|Win32
		{AED5552A-9C8C-4381-84F4-3B88D9E6B04A}.Release|x86.Build.0 = Release|Win32
		{67A70845-0035-4A28-A8ED-E94D30A589E4}.Debug|x64.ActiveCfg = Debug|x64
		{67A70845-0035-4A28-A8ED-E94D30A589E4}.Debug|x64.Build.0 = Debug|x64
		{67A70845-0035-4A28-A8ED-E94D30A589E4}.Debug|x86.ActiveCfg = Debug|Win32
		{67A70845-0035-4A28-A8ED-E94D30A589E4}.Debug|x86.Build.0 = Debug|Win32
		{67A70845-0035-4A28-A8ED-E94D30A589E4}.Release|x64.ActiveCfg = Release|x64
		{67A70845-0035-4A28-A8ED-E94D30A589E4}.Release|x64.Build.0 = Release|x64
		{67A70845-0035-4A28-A8ED-E94D30A589E4}.Release|x86.ActiveCfg = Release|Win32
		{67A70845-0035-4A28-A8ED-E94D30A589E4}.Release|x86.Build.0 = Release|Win32
	EndGlobalSection
	GlobalSection(SolutionProperties) = preSolution
		HideSolutionNode = FALSE
	EndGlobalSection
	GlobalSection(NestedProjects) = preSolution
		{660BE9AE-F52F-46E9-9F7C-B09E9ACD7578} = {FE4CA4C6-6BB3-4EEB-83A6-F4DADC8697E7}
		{7E2259A9-CE4D-4F0D-A826-AE141390295F} = {FE4CA4C6-6BB3-4EEB-83A6-F4DADC8697E7}
		{41CE88A0-B78D-4AF7-B61F-D0C07A05526A} = {FE4CA4C6-6BB3-4EEB-83A6-F4DADC8697E7}
		{AB27206C-6C3F-41CD-8FE7-387C19C03108} = {FE4CA4C6-6BB3-4EEB-83A6-F4DADC8697E7}
		{AED5552A-9C8C-4381-84F4-3B88D9E6B04A} = {FE4CA4C6-6BB3-4EEB-83A6-F4DADC8697E7}
		{67A70845-0035-4A28-A8ED-E94D30A589E4} = {FE4CA4C6-6BB3-4EEB-83A6-F4DADC8697E7}
	EndGlobalSection
EndGlobal
